// !$*UTF8*$!
{
	archiveVersion = 1;
	classes = {
	};
	objectVersion = 50;
	objects = {

/* Begin PBXBuildFile section */
		4E2A04C0214172FC00E18498 /* AppDelegate.m in Sources */ = {isa = PBXBuildFile; fileRef = 4E2A04BF214172FC00E18498 /* AppDelegate.m */; };
		4E2A04C3214172FC00E18498 /* ViewController.m in Sources */ = {isa = PBXBuildFile; fileRef = 4E2A04C2214172FC00E18498 /* ViewController.m */; };
		4E2A04C6214172FC00E18498 /* Main.storyboard in Resources */ = {isa = PBXBuildFile; fileRef = 4E2A04C4214172FC00E18498 /* Main.storyboard */; };
		4E2A04C82141730100E18498 /* Assets.xcassets in Resources */ = {isa = PBXBuildFile; fileRef = 4E2A04C72141730100E18498 /* Assets.xcassets */; };
		4E2A04CB2141730100E18498 /* LaunchScreen.storyboard in Resources */ = {isa = PBXBuildFile; fileRef = 4E2A04C92141730100E18498 /* LaunchScreen.storyboard */; };
		4E2A04CE2141730100E18498 /* main.m in Sources */ = {isa = PBXBuildFile; fileRef = 4E2A04CD2141730100E18498 /* main.m */; };
		4E2A04D82141730100E18498 /* circleCiPOCTests.m in Sources */ = {isa = PBXBuildFile; fileRef = 4E2A04D72141730100E18498 /* circleCiPOCTests.m */; };
		4E2A04E32141730100E18498 /* circleCiPOCUITests.m in Sources */ = {isa = PBXBuildFile; fileRef = 4E2A04E22141730100E18498 /* circleCiPOCUITests.m */; };
		806817551DADE00F44C6CCDE /* libPods-circleCiPOCTests.a in Frameworks */ = {isa = PBXBuildFile; fileRef = A5D2211217D214D0D39DB16B /* libPods-circleCiPOCTests.a */; };
		9CD73E413E3CA73DF10945C5 /* libPods-circleCiPOCUITests.a in Frameworks */ = {isa = PBXBuildFile; fileRef = D17C3F6D8F7540C3ACF49B87 /* libPods-circleCiPOCUITests.a */; };
		B4B0201289540E10479C14AA /* libPods-circleCiPOC.a in Frameworks */ = {isa = PBXBuildFile; fileRef = FF11A9B6A366C7C6AAEEFA8A /* libPods-circleCiPOC.a */; };
/* End PBXBuildFile section */

/* Begin PBXContainerItemProxy section */
		4E2A04D42141730100E18498 /* PBXContainerItemProxy */ = {
			isa = PBXContainerItemProxy;
			containerPortal = 4E2A04B3214172FC00E18498 /* Project object */;
			proxyType = 1;
			remoteGlobalIDString = 4E2A04BA214172FC00E18498;
			remoteInfo = circleCiPOC;
		};
		4E2A04DF2141730100E18498 /* PBXContainerItemProxy */ = {
			isa = PBXContainerItemProxy;
			containerPortal = 4E2A04B3214172FC00E18498 /* Project object */;
			proxyType = 1;
			remoteGlobalIDString = 4E2A04BA214172FC00E18498;
			remoteInfo = circleCiPOC;
		};
/* End PBXContainerItemProxy section */

/* Begin PBXFileReference section */
		2A3BAE2437AAB9214CBB5CE2 /* Pods-circleCiPOCTests.release.xcconfig */ = {isa = PBXFileReference; includeInIndex = 1; lastKnownFileType = text.xcconfig; name = "Pods-circleCiPOCTests.release.xcconfig"; path = "Pods/Target Support Files/Pods-circleCiPOCTests/Pods-circleCiPOCTests.release.xcconfig"; sourceTree = "<group>"; };
		32EC7FFEDEEDAF344D26F371 /* Pods-circleCiPOC.release.xcconfig */ = {isa = PBXFileReference; includeInIndex = 1; lastKnownFileType = text.xcconfig; name = "Pods-circleCiPOC.release.xcconfig"; path = "Pods/Target Support Files/Pods-circleCiPOC/Pods-circleCiPOC.release.xcconfig"; sourceTree = "<group>"; };
		39B37103CB28FB6C135A1F2F /* Pods-circleCiPOCUITests.release.xcconfig */ = {isa = PBXFileReference; includeInIndex = 1; lastKnownFileType = text.xcconfig; name = "Pods-circleCiPOCUITests.release.xcconfig"; path = "Pods/Target Support Files/Pods-circleCiPOCUITests/Pods-circleCiPOCUITests.release.xcconfig"; sourceTree = "<group>"; };
		4E2A04BB214172FC00E18498 /* circleCiPOC.app */ = {isa = PBXFileReference; explicitFileType = wrapper.application; includeInIndex = 0; path = circleCiPOC.app; sourceTree = BUILT_PRODUCTS_DIR; };
		4E2A04BE214172FC00E18498 /* AppDelegate.h */ = {isa = PBXFileReference; lastKnownFileType = sourcecode.c.h; path = AppDelegate.h; sourceTree = "<group>"; };
		4E2A04BF214172FC00E18498 /* AppDelegate.m */ = {isa = PBXFileReference; lastKnownFileType = sourcecode.c.objc; path = AppDelegate.m; sourceTree = "<group>"; };
		4E2A04C1214172FC00E18498 /* ViewController.h */ = {isa = PBXFileReference; lastKnownFileType = sourcecode.c.h; path = ViewController.h; sourceTree = "<group>"; };
		4E2A04C2214172FC00E18498 /* ViewController.m */ = {isa = PBXFileReference; lastKnownFileType = sourcecode.c.objc; path = ViewController.m; sourceTree = "<group>"; };
		4E2A04C5214172FC00E18498 /* Base */ = {isa = PBXFileReference; lastKnownFileType = file.storyboard; name = Base; path = Base.lproj/Main.storyboard; sourceTree = "<group>"; };
		4E2A04C72141730100E18498 /* Assets.xcassets */ = {isa = PBXFileReference; lastKnownFileType = folder.assetcatalog; path = Assets.xcassets; sourceTree = "<group>"; };
		4E2A04CA2141730100E18498 /* Base */ = {isa = PBXFileReference; lastKnownFileType = file.storyboard; name = Base; path = Base.lproj/LaunchScreen.storyboard; sourceTree = "<group>"; };
		4E2A04CC2141730100E18498 /* Info.plist */ = {isa = PBXFileReference; lastKnownFileType = text.plist.xml; path = Info.plist; sourceTree = "<group>"; };
		4E2A04CD2141730100E18498 /* main.m */ = {isa = PBXFileReference; lastKnownFileType = sourcecode.c.objc; path = main.m; sourceTree = "<group>"; };
		4E2A04D32141730100E18498 /* circleCiPOCTests.xctest */ = {isa = PBXFileReference; explicitFileType = wrapper.cfbundle; includeInIndex = 0; path = circleCiPOCTests.xctest; sourceTree = BUILT_PRODUCTS_DIR; };
		4E2A04D72141730100E18498 /* circleCiPOCTests.m */ = {isa = PBXFileReference; lastKnownFileType = sourcecode.c.objc; path = circleCiPOCTests.m; sourceTree = "<group>"; };
		4E2A04D92141730100E18498 /* Info.plist */ = {isa = PBXFileReference; lastKnownFileType = text.plist.xml; path = Info.plist; sourceTree = "<group>"; };
		4E2A04DE2141730100E18498 /* circleCiPOCUITests.xctest */ = {isa = PBXFileReference; explicitFileType = wrapper.cfbundle; includeInIndex = 0; path = circleCiPOCUITests.xctest; sourceTree = BUILT_PRODUCTS_DIR; };
		4E2A04E22141730100E18498 /* circleCiPOCUITests.m */ = {isa = PBXFileReference; lastKnownFileType = sourcecode.c.objc; path = circleCiPOCUITests.m; sourceTree = "<group>"; };
		4E2A04E42141730100E18498 /* Info.plist */ = {isa = PBXFileReference; lastKnownFileType = text.plist.xml; path = Info.plist; sourceTree = "<group>"; };
		9555642AFB11E565F6274843 /* Pods-circleCiPOCTests.debug.xcconfig */ = {isa = PBXFileReference; includeInIndex = 1; lastKnownFileType = text.xcconfig; name = "Pods-circleCiPOCTests.debug.xcconfig"; path = "Pods/Target Support Files/Pods-circleCiPOCTests/Pods-circleCiPOCTests.debug.xcconfig"; sourceTree = "<group>"; };
		A5D2211217D214D0D39DB16B /* libPods-circleCiPOCTests.a */ = {isa = PBXFileReference; explicitFileType = archive.ar; includeInIndex = 0; path = "libPods-circleCiPOCTests.a"; sourceTree = BUILT_PRODUCTS_DIR; };
		D17C3F6D8F7540C3ACF49B87 /* libPods-circleCiPOCUITests.a */ = {isa = PBXFileReference; explicitFileType = archive.ar; includeInIndex = 0; path = "libPods-circleCiPOCUITests.a"; sourceTree = BUILT_PRODUCTS_DIR; };
		D56C3429716EF0C0DEB0F210 /* Pods-circleCiPOCUITests.debug.xcconfig */ = {isa = PBXFileReference; includeInIndex = 1; lastKnownFileType = text.xcconfig; name = "Pods-circleCiPOCUITests.debug.xcconfig"; path = "Pods/Target Support Files/Pods-circleCiPOCUITests/Pods-circleCiPOCUITests.debug.xcconfig"; sourceTree = "<group>"; };
		FAEC21956FAC982E9170BCE3 /* Pods-circleCiPOC.debug.xcconfig */ = {isa = PBXFileReference; includeInIndex = 1; lastKnownFileType = text.xcconfig; name = "Pods-circleCiPOC.debug.xcconfig"; path = "Pods/Target Support Files/Pods-circleCiPOC/Pods-circleCiPOC.debug.xcconfig"; sourceTree = "<group>"; };
		FF11A9B6A366C7C6AAEEFA8A /* libPods-circleCiPOC.a */ = {isa = PBXFileReference; explicitFileType = archive.ar; includeInIndex = 0; path = "libPods-circleCiPOC.a"; sourceTree = BUILT_PRODUCTS_DIR; };
/* End PBXFileReference section */

/* Begin PBXFrameworksBuildPhase section */
		4E2A04B8214172FC00E18498 /* Frameworks */ = {
			isa = PBXFrameworksBuildPhase;
			buildActionMask = 2147483647;
			files = (
				B4B0201289540E10479C14AA /* libPods-circleCiPOC.a in Frameworks */,
			);
			runOnlyForDeploymentPostprocessing = 0;
		};
		4E2A04D02141730100E18498 /* Frameworks */ = {
			isa = PBXFrameworksBuildPhase;
			buildActionMask = 2147483647;
			files = (
				806817551DADE00F44C6CCDE /* libPods-circleCiPOCTests.a in Frameworks */,
			);
			runOnlyForDeploymentPostprocessing = 0;
		};
		4E2A04DB2141730100E18498 /* Frameworks */ = {
			isa = PBXFrameworksBuildPhase;
			buildActionMask = 2147483647;
			files = (
				9CD73E413E3CA73DF10945C5 /* libPods-circleCiPOCUITests.a in Frameworks */,
			);
			runOnlyForDeploymentPostprocessing = 0;
		};
/* End PBXFrameworksBuildPhase section */

/* Begin PBXGroup section */
		4E2A04B2214172FC00E18498 = {
			isa = PBXGroup;
			children = (
				4E2A04BD214172FC00E18498 /* circleCiPOC */,
				4E2A04D62141730100E18498 /* circleCiPOCTests */,
				4E2A04E12141730100E18498 /* circleCiPOCUITests */,
				4E2A04BC214172FC00E18498 /* Products */,
				95AAACE93AA2F6B2F8308340 /* Pods */,
				F61A733793E4083A6B18D3E9 /* Frameworks */,
			);
			sourceTree = "<group>";
		};
		4E2A04BC214172FC00E18498 /* Products */ = {
			isa = PBXGroup;
			children = (
				4E2A04BB214172FC00E18498 /* circleCiPOC.app */,
				4E2A04D32141730100E18498 /* circleCiPOCTests.xctest */,
				4E2A04DE2141730100E18498 /* circleCiPOCUITests.xctest */,
			);
			name = Products;
			sourceTree = "<group>";
		};
		4E2A04BD214172FC00E18498 /* circleCiPOC */ = {
			isa = PBXGroup;
			children = (
				4E2A04BE214172FC00E18498 /* AppDelegate.h */,
				4E2A04BF214172FC00E18498 /* AppDelegate.m */,
				4E2A04C1214172FC00E18498 /* ViewController.h */,
				4E2A04C2214172FC00E18498 /* ViewController.m */,
				4E2A04C4214172FC00E18498 /* Main.storyboard */,
				4E2A04C72141730100E18498 /* Assets.xcassets */,
				4E2A04C92141730100E18498 /* LaunchScreen.storyboard */,
				4E2A04CC2141730100E18498 /* Info.plist */,
				4E2A04CD2141730100E18498 /* main.m */,
			);
			path = circleCiPOC;
			sourceTree = "<group>";
		};
		4E2A04D62141730100E18498 /* circleCiPOCTests */ = {
			isa = PBXGroup;
			children = (
				4E2A04D72141730100E18498 /* circleCiPOCTests.m */,
				4E2A04D92141730100E18498 /* Info.plist */,
			);
			path = circleCiPOCTests;
			sourceTree = "<group>";
		};
		4E2A04E12141730100E18498 /* circleCiPOCUITests */ = {
			isa = PBXGroup;
			children = (
				4E2A04E22141730100E18498 /* circleCiPOCUITests.m */,
				4E2A04E42141730100E18498 /* Info.plist */,
			);
			path = circleCiPOCUITests;
			sourceTree = "<group>";
		};
		95AAACE93AA2F6B2F8308340 /* Pods */ = {
			isa = PBXGroup;
			children = (
				FAEC21956FAC982E9170BCE3 /* Pods-circleCiPOC.debug.xcconfig */,
				32EC7FFEDEEDAF344D26F371 /* Pods-circleCiPOC.release.xcconfig */,
				9555642AFB11E565F6274843 /* Pods-circleCiPOCTests.debug.xcconfig */,
				2A3BAE2437AAB9214CBB5CE2 /* Pods-circleCiPOCTests.release.xcconfig */,
				D56C3429716EF0C0DEB0F210 /* Pods-circleCiPOCUITests.debug.xcconfig */,
				39B37103CB28FB6C135A1F2F /* Pods-circleCiPOCUITests.release.xcconfig */,
			);
			name = Pods;
			sourceTree = "<group>";
		};
		F61A733793E4083A6B18D3E9 /* Frameworks */ = {
			isa = PBXGroup;
			children = (
				FF11A9B6A366C7C6AAEEFA8A /* libPods-circleCiPOC.a */,
				A5D2211217D214D0D39DB16B /* libPods-circleCiPOCTests.a */,
				D17C3F6D8F7540C3ACF49B87 /* libPods-circleCiPOCUITests.a */,
			);
			name = Frameworks;
			sourceTree = "<group>";
		};
/* End PBXGroup section */

/* Begin PBXNativeTarget section */
		4E2A04BA214172FC00E18498 /* circleCiPOC */ = {
			isa = PBXNativeTarget;
			buildConfigurationList = 4E2A04E72141730100E18498 /* Build configuration list for PBXNativeTarget "circleCiPOC" */;
			buildPhases = (
				7BE2C2A28EB03B104ECD7CB8 /* [CP] Check Pods Manifest.lock */,
				4E2A04B7214172FC00E18498 /* Sources */,
				4E2A04B8214172FC00E18498 /* Frameworks */,
				4E2A04B9214172FC00E18498 /* Resources */,
			);
			buildRules = (
			);
			dependencies = (
			);
			name = circleCiPOC;
			productName = circleCiPOC;
			productReference = 4E2A04BB214172FC00E18498 /* circleCiPOC.app */;
			productType = "com.apple.product-type.application";
		};
		4E2A04D22141730100E18498 /* circleCiPOCTests */ = {
			isa = PBXNativeTarget;
			buildConfigurationList = 4E2A04EA2141730100E18498 /* Build configuration list for PBXNativeTarget "circleCiPOCTests" */;
			buildPhases = (
				84A0C88DE5A897470E9662D1 /* [CP] Check Pods Manifest.lock */,
				4E2A04CF2141730100E18498 /* Sources */,
				4E2A04D02141730100E18498 /* Frameworks */,
				4E2A04D12141730100E18498 /* Resources */,
			);
			buildRules = (
			);
			dependencies = (
				4E2A04D52141730100E18498 /* PBXTargetDependency */,
			);
			name = circleCiPOCTests;
			productName = circleCiPOCTests;
			productReference = 4E2A04D32141730100E18498 /* circleCiPOCTests.xctest */;
			productType = "com.apple.product-type.bundle.unit-test";
		};
		4E2A04DD2141730100E18498 /* circleCiPOCUITests */ = {
			isa = PBXNativeTarget;
			buildConfigurationList = 4E2A04ED2141730100E18498 /* Build configuration list for PBXNativeTarget "circleCiPOCUITests" */;
			buildPhases = (
				70002998FD2E3EABF03C2609 /* [CP] Check Pods Manifest.lock */,
				4E2A04DA2141730100E18498 /* Sources */,
				4E2A04DB2141730100E18498 /* Frameworks */,
				4E2A04DC2141730100E18498 /* Resources */,
			);
			buildRules = (
			);
			dependencies = (
				4E2A04E02141730100E18498 /* PBXTargetDependency */,
			);
			name = circleCiPOCUITests;
			productName = circleCiPOCUITests;
			productReference = 4E2A04DE2141730100E18498 /* circleCiPOCUITests.xctest */;
			productType = "com.apple.product-type.bundle.ui-testing";
		};
/* End PBXNativeTarget section */

/* Begin PBXProject section */
		4E2A04B3214172FC00E18498 /* Project object */ = {
			isa = PBXProject;
			attributes = {
				LastUpgradeCheck = 0940;
				ORGANIZATIONNAME = "Jerry Shi";
				TargetAttributes = {
					4E2A04BA214172FC00E18498 = {
						CreatedOnToolsVersion = 9.4.1;
					};
					4E2A04D22141730100E18498 = {
						CreatedOnToolsVersion = 9.4.1;
						TestTargetID = 4E2A04BA214172FC00E18498;
					};
					4E2A04DD2141730100E18498 = {
						CreatedOnToolsVersion = 9.4.1;
						TestTargetID = 4E2A04BA214172FC00E18498;
					};
				};
			};
			buildConfigurationList = 4E2A04B6214172FC00E18498 /* Build configuration list for PBXProject "circleCiPOC" */;
			compatibilityVersion = "Xcode 9.3";
			developmentRegion = en;
			hasScannedForEncodings = 0;
			knownRegions = (
				en,
				Base,
			);
			mainGroup = 4E2A04B2214172FC00E18498;
			productRefGroup = 4E2A04BC214172FC00E18498 /* Products */;
			projectDirPath = "";
			projectRoot = "";
			targets = (
				4E2A04BA214172FC00E18498 /* circleCiPOC */,
				4E2A04D22141730100E18498 /* circleCiPOCTests */,
				4E2A04DD2141730100E18498 /* circleCiPOCUITests */,
			);
		};
/* End PBXProject section */

/* Begin PBXResourcesBuildPhase section */
		4E2A04B9214172FC00E18498 /* Resources */ = {
			isa = PBXResourcesBuildPhase;
			buildActionMask = 2147483647;
			files = (
				4E2A04CB2141730100E18498 /* LaunchScreen.storyboard in Resources */,
				4E2A04C82141730100E18498 /* Assets.xcassets in Resources */,
				4E2A04C6214172FC00E18498 /* Main.storyboard in Resources */,
			);
			runOnlyForDeploymentPostprocessing = 0;
		};
		4E2A04D12141730100E18498 /* Resources */ = {
			isa = PBXResourcesBuildPhase;
			buildActionMask = 2147483647;
			files = (
			);
			runOnlyForDeploymentPostprocessing = 0;
		};
		4E2A04DC2141730100E18498 /* Resources */ = {
			isa = PBXResourcesBuildPhase;
			buildActionMask = 2147483647;
			files = (
			);
			runOnlyForDeploymentPostprocessing = 0;
		};
/* End PBXResourcesBuildPhase section */

/* Begin PBXShellScriptBuildPhase section */
		70002998FD2E3EABF03C2609 /* [CP] Check Pods Manifest.lock */ = {
			isa = PBXShellScriptBuildPhase;
			buildActionMask = 2147483647;
			files = (
			);
			inputFileListPaths = (
			);
			inputPaths = (
				"${PODS_PODFILE_DIR_PATH}/Podfile.lock",
				"${PODS_ROOT}/Manifest.lock",
			);
			name = "[CP] Check Pods Manifest.lock";
			outputFileListPaths = (
			);
			outputPaths = (
				"$(DERIVED_FILE_DIR)/Pods-circleCiPOCUITests-checkManifestLockResult.txt",
			);
			runOnlyForDeploymentPostprocessing = 0;
			shellPath = /bin/sh;
			shellScript = "diff \"${PODS_PODFILE_DIR_PATH}/Podfile.lock\" \"${PODS_ROOT}/Manifest.lock\" > /dev/null\nif [ $? != 0 ] ; then\n    # print error to STDERR\n    echo \"error: The sandbox is not in sync with the Podfile.lock. Run 'pod install' or update your CocoaPods installation.\" >&2\n    exit 1\nfi\n# This output is used by Xcode 'outputs' to avoid re-running this script phase.\necho \"SUCCESS\" > \"${SCRIPT_OUTPUT_FILE_0}\"\n";
			showEnvVarsInLog = 0;
		};
		7BE2C2A28EB03B104ECD7CB8 /* [CP] Check Pods Manifest.lock */ = {
			isa = PBXShellScriptBuildPhase;
			buildActionMask = 2147483647;
			files = (
			);
			inputFileListPaths = (
			);
			inputPaths = (
				"${PODS_PODFILE_DIR_PATH}/Podfile.lock",
				"${PODS_ROOT}/Manifest.lock",
			);
			name = "[CP] Check Pods Manifest.lock";
			outputFileListPaths = (
			);
			outputPaths = (
				"$(DERIVED_FILE_DIR)/Pods-circleCiPOC-checkManifestLockResult.txt",
			);
			runOnlyForDeploymentPostprocessing = 0;
			shellPath = /bin/sh;
			shellScript = "diff \"${PODS_PODFILE_DIR_PATH}/Podfile.lock\" \"${PODS_ROOT}/Manifest.lock\" > /dev/null\nif [ $? != 0 ] ; then\n    # print error to STDERR\n    echo \"error: The sandbox is not in sync with the Podfile.lock. Run 'pod install' or update your CocoaPods installation.\" >&2\n    exit 1\nfi\n# This output is used by Xcode 'outputs' to avoid re-running this script phase.\necho \"SUCCESS\" > \"${SCRIPT_OUTPUT_FILE_0}\"\n";
			showEnvVarsInLog = 0;
		};
		84A0C88DE5A897470E9662D1 /* [CP] Check Pods Manifest.lock */ = {
			isa = PBXShellScriptBuildPhase;
			buildActionMask = 2147483647;
			files = (
			);
			inputFileListPaths = (
			);
			inputPaths = (
				"${PODS_PODFILE_DIR_PATH}/Podfile.lock",
				"${PODS_ROOT}/Manifest.lock",
			);
			name = "[CP] Check Pods Manifest.lock";
			outputFileListPaths = (
			);
			outputPaths = (
				"$(DERIVED_FILE_DIR)/Pods-circleCiPOCTests-checkManifestLockResult.txt",
			);
			runOnlyForDeploymentPostprocessing = 0;
			shellPath = /bin/sh;
			shellScript = "diff \"${PODS_PODFILE_DIR_PATH}/Podfile.lock\" \"${PODS_ROOT}/Manifest.lock\" > /dev/null\nif [ $? != 0 ] ; then\n    # print error to STDERR\n    echo \"error: The sandbox is not in sync with the Podfile.lock. Run 'pod install' or update your CocoaPods installation.\" >&2\n    exit 1\nfi\n# This output is used by Xcode 'outputs' to avoid re-running this script phase.\necho \"SUCCESS\" > \"${SCRIPT_OUTPUT_FILE_0}\"\n";
			showEnvVarsInLog = 0;
		};
/* End PBXShellScriptBuildPhase section */

/* Begin PBXSourcesBuildPhase section */
		4E2A04B7214172FC00E18498 /* Sources */ = {
			isa = PBXSourcesBuildPhase;
			buildActionMask = 2147483647;
			files = (
				4E2A04C3214172FC00E18498 /* ViewController.m in Sources */,
				4E2A04CE2141730100E18498 /* main.m in Sources */,
				4E2A04C0214172FC00E18498 /* AppDelegate.m in Sources */,
			);
			runOnlyForDeploymentPostprocessing = 0;
		};
		4E2A04CF2141730100E18498 /* Sources */ = {
			isa = PBXSourcesBuildPhase;
			buildActionMask = 2147483647;
			files = (
				4E2A04D82141730100E18498 /* circleCiPOCTests.m in Sources */,
			);
			runOnlyForDeploymentPostprocessing = 0;
		};
		4E2A04DA2141730100E18498 /* Sources */ = {
			isa = PBXSourcesBuildPhase;
			buildActionMask = 2147483647;
			files = (
				4E2A04E32141730100E18498 /* circleCiPOCUITests.m in Sources */,
			);
			runOnlyForDeploymentPostprocessing = 0;
		};
/* End PBXSourcesBuildPhase section */

/* Begin PBXTargetDependency section */
		4E2A04D52141730100E18498 /* PBXTargetDependency */ = {
			isa = PBXTargetDependency;
			target = 4E2A04BA214172FC00E18498 /* circleCiPOC */;
			targetProxy = 4E2A04D42141730100E18498 /* PBXContainerItemProxy */;
		};
		4E2A04E02141730100E18498 /* PBXTargetDependency */ = {
			isa = PBXTargetDependency;
			target = 4E2A04BA214172FC00E18498 /* circleCiPOC */;
			targetProxy = 4E2A04DF2141730100E18498 /* PBXContainerItemProxy */;
		};
/* End PBXTargetDependency section */

/* Begin PBXVariantGroup section */
		4E2A04C4214172FC00E18498 /* Main.storyboard */ = {
			isa = PBXVariantGroup;
			children = (
				4E2A04C5214172FC00E18498 /* Base */,
			);
			name = Main.storyboard;
			sourceTree = "<group>";
		};
		4E2A04C92141730100E18498 /* LaunchScreen.storyboard */ = {
			isa = PBXVariantGroup;
			children = (
				4E2A04CA2141730100E18498 /* Base */,
			);
			name = LaunchScreen.storyboard;
			sourceTree = "<group>";
		};
/* End PBXVariantGroup section */

/* Begin XCBuildConfiguration section */
		4E2A04E52141730100E18498 /* Debug */ = {
			isa = XCBuildConfiguration;
			buildSettings = {
				ALWAYS_SEARCH_USER_PATHS = NO;
				CLANG_ANALYZER_NONNULL = YES;
				CLANG_ANALYZER_NUMBER_OBJECT_CONVERSION = YES_AGGRESSIVE;
				CLANG_CXX_LANGUAGE_STANDARD = "gnu++14";
				CLANG_CXX_LIBRARY = "libc++";
				CLANG_ENABLE_MODULES = YES;
				CLANG_ENABLE_OBJC_ARC = YES;
				CLANG_ENABLE_OBJC_WEAK = YES;
				CLANG_WARN_BLOCK_CAPTURE_AUTORELEASING = YES;
				CLANG_WARN_BOOL_CONVERSION = YES;
				CLANG_WARN_COMMA = YES;
				CLANG_WARN_CONSTANT_CONVERSION = YES;
				CLANG_WARN_DEPRECATED_OBJC_IMPLEMENTATIONS = YES;
				CLANG_WARN_DIRECT_OBJC_ISA_USAGE = YES_ERROR;
				CLANG_WARN_DOCUMENTATION_COMMENTS = YES;
				CLANG_WARN_EMPTY_BODY = YES;
				CLANG_WARN_ENUM_CONVERSION = YES;
				CLANG_WARN_INFINITE_RECURSION = YES;
				CLANG_WARN_INT_CONVERSION = YES;
				CLANG_WARN_NON_LITERAL_NULL_CONVERSION = YES;
				CLANG_WARN_OBJC_IMPLICIT_RETAIN_SELF = YES;
				CLANG_WARN_OBJC_LITERAL_CONVERSION = YES;
				CLANG_WARN_OBJC_ROOT_CLASS = YES_ERROR;
				CLANG_WARN_RANGE_LOOP_ANALYSIS = YES;
				CLANG_WARN_STRICT_PROTOTYPES = YES;
				CLANG_WARN_SUSPICIOUS_MOVE = YES;
				CLANG_WARN_UNGUARDED_AVAILABILITY = YES_AGGRESSIVE;
				CLANG_WARN_UNREACHABLE_CODE = YES;
				CLANG_WARN__DUPLICATE_METHOD_MATCH = YES;
				CODE_SIGN_IDENTITY = "iPhone Developer";
				COPY_PHASE_STRIP = NO;
				DEBUG_INFORMATION_FORMAT = dwarf;
				ENABLE_STRICT_OBJC_MSGSEND = YES;
				ENABLE_TESTABILITY = YES;
				GCC_C_LANGUAGE_STANDARD = gnu11;
				GCC_DYNAMIC_NO_PIC = NO;
				GCC_NO_COMMON_BLOCKS = YES;
				GCC_OPTIMIZATION_LEVEL = 0;
				GCC_PREPROCESSOR_DEFINITIONS = (
					"DEBUG=1",
					"$(inherited)",
				);
				GCC_WARN_64_TO_32_BIT_CONVERSION = YES;
				GCC_WARN_ABOUT_RETURN_TYPE = YES_ERROR;
				GCC_WARN_UNDECLARED_SELECTOR = YES;
				GCC_WARN_UNINITIALIZED_AUTOS = YES_AGGRESSIVE;
				GCC_WARN_UNUSED_FUNCTION = YES;
				GCC_WARN_UNUSED_VARIABLE = YES;
				IPHONEOS_DEPLOYMENT_TARGET = 11.4;
				MTL_ENABLE_DEBUG_INFO = YES;
				ONLY_ACTIVE_ARCH = YES;
				SDKROOT = iphoneos;
			};
			name = Debug;
		};
		4E2A04E62141730100E18498 /* Release */ = {
			isa = XCBuildConfiguration;
			buildSettings = {
				ALWAYS_SEARCH_USER_PATHS = NO;
				CLANG_ANALYZER_NONNULL = YES;
				CLANG_ANALYZER_NUMBER_OBJECT_CONVERSION = YES_AGGRESSIVE;
				CLANG_CXX_LANGUAGE_STANDARD = "gnu++14";
				CLANG_CXX_LIBRARY = "libc++";
				CLANG_ENABLE_MODULES = YES;
				CLANG_ENABLE_OBJC_ARC = YES;
				CLANG_ENABLE_OBJC_WEAK = YES;
				CLANG_WARN_BLOCK_CAPTURE_AUTORELEASING = YES;
				CLANG_WARN_BOOL_CONVERSION = YES;
				CLANG_WARN_COMMA = YES;
				CLANG_WARN_CONSTANT_CONVERSION = YES;
				CLANG_WARN_DEPRECATED_OBJC_IMPLEMENTATIONS = YES;
				CLANG_WARN_DIRECT_OBJC_ISA_USAGE = YES_ERROR;
				CLANG_WARN_DOCUMENTATION_COMMENTS = YES;
				CLANG_WARN_EMPTY_BODY = YES;
				CLANG_WARN_ENUM_CONVERSION = YES;
				CLANG_WARN_INFINITE_RECURSION = YES;
				CLANG_WARN_INT_CONVERSION = YES;
				CLANG_WARN_NON_LITERAL_NULL_CONVERSION = YES;
				CLANG_WARN_OBJC_IMPLICIT_RETAIN_SELF = YES;
				CLANG_WARN_OBJC_LITERAL_CONVERSION = YES;
				CLANG_WARN_OBJC_ROOT_CLASS = YES_ERROR;
				CLANG_WARN_RANGE_LOOP_ANALYSIS = YES;
				CLANG_WARN_STRICT_PROTOTYPES = YES;
				CLANG_WARN_SUSPICIOUS_MOVE = YES;
				CLANG_WARN_UNGUARDED_AVAILABILITY = YES_AGGRESSIVE;
				CLANG_WARN_UNREACHABLE_CODE = YES;
				CLANG_WARN__DUPLICATE_METHOD_MATCH = YES;
				CODE_SIGN_IDENTITY = "iPhone Developer";
				COPY_PHASE_STRIP = NO;
				DEBUG_INFORMATION_FORMAT = "dwarf-with-dsym";
				ENABLE_NS_ASSERTIONS = NO;
				ENABLE_STRICT_OBJC_MSGSEND = YES;
				GCC_C_LANGUAGE_STANDARD = gnu11;
				GCC_NO_COMMON_BLOCKS = YES;
				GCC_WARN_64_TO_32_BIT_CONVERSION = YES;
				GCC_WARN_ABOUT_RETURN_TYPE = YES_ERROR;
				GCC_WARN_UNDECLARED_SELECTOR = YES;
				GCC_WARN_UNINITIALIZED_AUTOS = YES_AGGRESSIVE;
				GCC_WARN_UNUSED_FUNCTION = YES;
				GCC_WARN_UNUSED_VARIABLE = YES;
				IPHONEOS_DEPLOYMENT_TARGET = 11.4;
				MTL_ENABLE_DEBUG_INFO = NO;
				SDKROOT = iphoneos;
				VALIDATE_PRODUCT = YES;
			};
			name = Release;
		};
		4E2A04E82141730100E18498 /* Debug */ = {
			isa = XCBuildConfiguration;
			baseConfigurationReference = FAEC21956FAC982E9170BCE3 /* Pods-circleCiPOC.debug.xcconfig */;
			buildSettings = {
				ASSETCATALOG_COMPILER_APPICON_NAME = AppIcon;
				CODE_SIGN_STYLE = Automatic;
				DEVELOPMENT_TEAM = JHJFT85823;
				INFOPLIST_FILE = circleCiPOC/Info.plist;
				LD_RUNPATH_SEARCH_PATHS = (
					"$(inherited)",
					"@executable_path/Frameworks",
				);
				PRODUCT_BUNDLE_IDENTIFIER = com.circleCiPOC;
				PRODUCT_NAME = "$(TARGET_NAME)";
				TARGETED_DEVICE_FAMILY = "1,2";
			};
			name = Debug;
		};
		4E2A04E92141730100E18498 /* Release */ = {
			isa = XCBuildConfiguration;
			baseConfigurationReference = 32EC7FFEDEEDAF344D26F371 /* Pods-circleCiPOC.release.xcconfig */;
			buildSettings = {
				ASSETCATALOG_COMPILER_APPICON_NAME = AppIcon;
				CODE_SIGN_STYLE = Automatic;
				DEVELOPMENT_TEAM = JHJFT85823;
				INFOPLIST_FILE = circleCiPOC/Info.plist;
				LD_RUNPATH_SEARCH_PATHS = (
					"$(inherited)",
					"@executable_path/Frameworks",
				);
				PRODUCT_BUNDLE_IDENTIFIER = com.circleCiPOC;
				PRODUCT_NAME = "$(TARGET_NAME)";
				TARGETED_DEVICE_FAMILY = "1,2";
			};
			name = Release;
		};
		4E2A04EB2141730100E18498 /* Debug */ = {
			isa = XCBuildConfiguration;
			baseConfigurationReference = 9555642AFB11E565F6274843 /* Pods-circleCiPOCTests.debug.xcconfig */;
			buildSettings = {
				BUNDLE_LOADER = "$(TEST_HOST)";
				CODE_SIGN_STYLE = Automatic;
				DEVELOPMENT_TEAM = LM3Y3Q746F;
				INFOPLIST_FILE = circleCiPOCTests/Info.plist;
				LD_RUNPATH_SEARCH_PATHS = (
					"$(inherited)",
					"@executable_path/Frameworks",
					"@loader_path/Frameworks",
				);
				PRODUCT_BUNDLE_IDENTIFIER = com.vice.circleCiPOC.circleCiPOCTests;
				PRODUCT_NAME = "$(TARGET_NAME)";
				TARGETED_DEVICE_FAMILY = "1,2";
				TEST_HOST = "$(BUILT_PRODUCTS_DIR)/circleCiPOC.app/circleCiPOC";
			};
			name = Debug;
		};
		4E2A04EC2141730100E18498 /* Release */ = {
			isa = XCBuildConfiguration;
			baseConfigurationReference = 2A3BAE2437AAB9214CBB5CE2 /* Pods-circleCiPOCTests.release.xcconfig */;
			buildSettings = {
				BUNDLE_LOADER = "$(TEST_HOST)";
				CODE_SIGN_STYLE = Automatic;
				DEVELOPMENT_TEAM = LM3Y3Q746F;
				INFOPLIST_FILE = circleCiPOCTests/Info.plist;
				LD_RUNPATH_SEARCH_PATHS = (
					"$(inherited)",
					"@executable_path/Frameworks",
					"@loader_path/Frameworks",
				);
				PRODUCT_BUNDLE_IDENTIFIER = com.vice.circleCiPOC.circleCiPOCTests;
				PRODUCT_NAME = "$(TARGET_NAME)";
				TARGETED_DEVICE_FAMILY = "1,2";
				TEST_HOST = "$(BUILT_PRODUCTS_DIR)/circleCiPOC.app/circleCiPOC";
			};
			name = Release;
		};
		4E2A04EE2141730100E18498 /* Debug */ = {
			isa = XCBuildConfiguration;
			baseConfigurationReference = D56C3429716EF0C0DEB0F210 /* Pods-circleCiPOCUITests.debug.xcconfig */;
			buildSettings = {
				CODE_SIGN_STYLE = Automatic;
				DEVELOPMENT_TEAM = LM3Y3Q746F;
				INFOPLIST_FILE = circleCiPOCUITests/Info.plist;
				LD_RUNPATH_SEARCH_PATHS = (
					"$(inherited)",
					"@executable_path/Frameworks",
					"@loader_path/Frameworks",
				);
				PRODUCT_BUNDLE_IDENTIFIER = com.vice.circleCiPOC.circleCiPOCUITests;
				PRODUCT_NAME = "$(TARGET_NAME)";
				TARGETED_DEVICE_FAMILY = "1,2";
				TEST_TARGET_NAME = circleCiPOC;
			};
			name = Debug;
		};
		4E2A04EF2141730100E18498 /* Release */ = {
			isa = XCBuildConfiguration;
			baseConfigurationReference = 39B37103CB28FB6C135A1F2F /* Pods-circleCiPOCUITests.release.xcconfig */;
			buildSettings = {
				CODE_SIGN_STYLE = Automatic;
				DEVELOPMENT_TEAM = LM3Y3Q746F;
				INFOPLIST_FILE = circleCiPOCUITests/Info.plist;
				LD_RUNPATH_SEARCH_PATHS = (
					"$(inherited)",
					"@executable_path/Frameworks",
					"@loader_path/Frameworks",
				);
				PRODUCT_BUNDLE_IDENTIFIER = com.vice.circleCiPOC.circleCiPOCUITests;
				PRODUCT_NAME = "$(TARGET_NAME)";
				TARGETED_DEVICE_FAMILY = "1,2";
				TEST_TARGET_NAME = circleCiPOC;
			};
			name = Release;
		};
/* End XCBuildConfiguration section */

/* Begin XCConfigurationList section */
		4E2A04B6214172FC00E18498 /* Build configuration list for PBXProject "circleCiPOC" */ = {
			isa = XCConfigurationList;
			buildConfigurations = (
				4E2A04E52141730100E18498 /* Debug */,
				4E2A04E62141730100E18498 /* Release */,
			);
			defaultConfigurationIsVisible = 0;
			defaultConfigurationName = Release;
		};
		4E2A04E72141730100E18498 /* Build configuration list for PBXNativeTarget "circleCiPOC" */ = {
			isa = XCConfigurationList;
			buildConfigurations = (
				4E2A04E82141730100E18498 /* Debug */,
				4E2A04E92141730100E18498 /* Release */,
			);
			defaultConfigurationIsVisible = 0;
			defaultConfigurationName = Release;
		};
		4E2A04EA2141730100E18498 /* Build configuration list for PBXNativeTarget "circleCiPOCTests" */ = {
			isa = XCConfigurationList;
			buildConfigurations = (
				4E2A04EB2141730100E18498 /* Debug */,
				4E2A04EC2141730100E18498 /* Release */,
			);
			defaultConfigurationIsVisible = 0;
			defaultConfigurationName = Release;
		};
		4E2A04ED2141730100E18498 /* Build configuration list for PBXNativeTarget "circleCiPOCUITests" */ = {
			isa = XCConfigurationList;
			buildConfigurations = (
				4E2A04EE2141730100E18498 /* Debug */,
				4E2A04EF2141730100E18498 /* Release */,
			);
			defaultConfigurationIsVisible = 0;
			defaultConfigurationName = Release;
		};
/* End XCConfigurationList section */
	};
	rootObject = 4E2A04B3214172FC00E18498 /* Project object */;
}
